{
	"name": "henta-monorepo",
	"lockfileVersion": 2,
	"requires": true,
	"packages": {
		"": {
			"name": "henta-monorepo",
			"workspaces": [
				"packages/*"
			],
			"devDependencies": {
				"@types/node": "^17.0.36",
				"typescript": "^4.7.2"
			},
			"engines": {
				"node": ">=12.20.0"
			}
		},
		"node_modules/@discordjs/builders": {
			"version": "1.3.0",
			"license": "Apache-2.0",
			"dependencies": {
				"@discordjs/util": "^0.1.0",
				"@sapphire/shapeshift": "^3.7.0",
				"discord-api-types": "^0.37.12",
				"fast-deep-equal": "^3.1.3",
				"ts-mixer": "^6.0.1",
				"tslib": "^2.4.0"
			},
			"engines": {
				"node": ">=16.9.0"
			}
		},
		"node_modules/@discordjs/collection": {
			"version": "1.2.0",
			"license": "Apache-2.0",
			"engines": {
				"node": ">=16.9.0"
			}
		},
		"node_modules/@discordjs/rest": {
			"version": "1.3.0",
			"license": "Apache-2.0",
			"dependencies": {
				"@discordjs/collection": "^1.2.0",
				"@discordjs/util": "^0.1.0",
				"@sapphire/async-queue": "^1.5.0",
				"@sapphire/snowflake": "^3.2.2",
				"discord-api-types": "^0.37.12",
				"file-type": "^18.0.0",
				"tslib": "^2.4.0",
				"undici": "^5.11.0"
			},
			"engines": {
				"node": ">=16.9.0"
			}
		},
		"node_modules/@discordjs/util": {
			"version": "0.1.0",
			"license": "Apache-2.0",
			"engines": {
				"node": ">=16.9.0"
			}
		},
		"node_modules/@henta/attachment-history": {
			"resolved": "packages/attachment-history",
			"link": true
		},
		"node_modules/@henta/botcmd": {
			"resolved": "packages/botcmd",
			"link": true
		},
		"node_modules/@henta/core": {
			"resolved": "packages/core",
			"link": true
		},
		"node_modules/@henta/init": {
			"resolved": "packages/init",
			"link": true
		},
		"node_modules/@henta/input": {
			"resolved": "packages/input",
			"link": true
		},
		"node_modules/@henta/platform-discord": {
			"resolved": "packages/platform-discord",
			"link": true
		},
		"node_modules/@henta/platform-tg": {
			"resolved": "packages/platform-tg",
			"link": true
		},
		"node_modules/@henta/platform-vk": {
			"resolved": "packages/platform-vk",
			"link": true
		},
		"node_modules/@sapphire/async-queue": {
			"version": "1.5.0",
			"license": "MIT",
			"engines": {
				"node": ">=v14.0.0",
				"npm": ">=7.0.0"
			}
		},
		"node_modules/@sapphire/shapeshift": {
			"version": "3.7.0",
			"license": "MIT",
			"dependencies": {
				"fast-deep-equal": "^3.1.3",
				"lodash.uniqwith": "^4.5.0"
			},
			"engines": {
				"node": ">=v14.0.0",
				"npm": ">=7.0.0"
			}
		},
		"node_modules/@sapphire/snowflake": {
			"version": "3.2.2",
			"license": "MIT",
			"engines": {
				"node": ">=v14.0.0",
				"npm": ">=7.0.0"
			}
		},
		"node_modules/@tokenizer/token": {
			"version": "0.3.0",
			"license": "MIT"
		},
		"node_modules/@types/node": {
			"version": "17.0.45",
			"dev": true,
			"license": "MIT"
		},
		"node_modules/@types/ws": {
			"version": "8.5.3",
			"license": "MIT",
			"dependencies": {
				"@types/node": "*"
			}
		},
		"node_modules/@types/ws/node_modules/@types/node": {
			"version": "18.11.9",
			"license": "MIT"
		},
		"node_modules/abort-controller": {
			"version": "3.0.0",
			"license": "MIT",
			"dependencies": {
				"event-target-shim": "^5.0.0"
			},
			"engines": {
				"node": ">=6.5"
			}
		},
		"node_modules/ansi-escapes": {
			"version": "6.0.0",
			"resolved": "https://registry.npmjs.org/ansi-escapes/-/ansi-escapes-6.0.0.tgz",
			"integrity": "sha512-IG23inYII3dWlU2EyiAiGj6Bwal5GzsgPMwjYGvc1HPE2dgbj4ZB5ToWBKSquKw74nB3TIuOwaI6/jSULzfgrw==",
			"dependencies": {
				"type-fest": "^3.0.0"
			},
			"engines": {
				"node": ">=14.16"
			},
			"funding": {
				"url": "https://github.com/sponsors/sindresorhus"
			}
		},
		"node_modules/ansi-regex": {
			"version": "6.0.1",
			"resolved": "https://registry.npmjs.org/ansi-regex/-/ansi-regex-6.0.1.tgz",
			"integrity": "sha512-n5M855fKb2SsfMIiFFoVrABHJC8QtHwVx+mHWP3QcEqBHYienj5dHSgjbxtC0WEZXYt4wcD6zrQElDPhFuZgfA==",
			"engines": {
				"node": ">=12"
			},
			"funding": {
				"url": "https://github.com/chalk/ansi-regex?sponsor=1"
			}
		},
		"node_modules/ansi-styles": {
			"version": "6.2.1",
			"resolved": "https://registry.npmjs.org/ansi-styles/-/ansi-styles-6.2.1.tgz",
			"integrity": "sha512-bN798gFfQX+viw3R7yrGWRqnrN2oRkEkUjjl4JNn4E8GxxbjtG3FbrEIIY3l8/hrwUwIeCZvi4QuOTP4MErVug==",
			"engines": {
				"node": ">=12"
			},
			"funding": {
				"url": "https://github.com/chalk/ansi-styles?sponsor=1"
			}
		},
		"node_modules/base64-js": {
			"version": "1.5.1",
			"resolved": "https://registry.npmjs.org/base64-js/-/base64-js-1.5.1.tgz",
			"integrity": "sha512-AKpaYlHn8t4SVbOHCy+b5+KKgvR4vrsD8vbvrbiQJps7fKDTkjkDry6ji0rUJjC0kzbNePLwzxq8iypo41qeWA==",
			"funding": [
				{
					"type": "github",
					"url": "https://github.com/sponsors/feross"
				},
				{
					"type": "patreon",
					"url": "https://www.patreon.com/feross"
				},
				{
					"type": "consulting",
					"url": "https://feross.org/support"
				}
			]
		},
		"node_modules/bl": {
			"version": "5.1.0",
			"resolved": "https://registry.npmjs.org/bl/-/bl-5.1.0.tgz",
			"integrity": "sha512-tv1ZJHLfTDnXE6tMHv73YgSJaWR2AFuPwMntBe7XL/GBFHnT0CLnsHMogfk5+GzCDC5ZWarSCYaIGATZt9dNsQ==",
			"dependencies": {
				"buffer": "^6.0.3",
				"inherits": "^2.0.4",
				"readable-stream": "^3.4.0"
			}
		},
		"node_modules/buffer": {
			"version": "6.0.3",
			"resolved": "https://registry.npmjs.org/buffer/-/buffer-6.0.3.tgz",
			"integrity": "sha512-FTiCpNxtwiZZHEZbcbTIcZjERVICn9yq/pDFkTl95/AxzD1naBctN7YO68riM/gLSDY7sdrMby8hofADYuuqOA==",
			"funding": [
				{
					"type": "github",
					"url": "https://github.com/sponsors/feross"
				},
				{
					"type": "patreon",
					"url": "https://www.patreon.com/feross"
				},
				{
					"type": "consulting",
					"url": "https://feross.org/support"
				}
			],
			"dependencies": {
				"base64-js": "^1.3.1",
				"ieee754": "^1.2.1"
			}
		},
		"node_modules/buffer-alloc": {
			"version": "1.2.0",
			"license": "MIT",
			"dependencies": {
				"buffer-alloc-unsafe": "^1.1.0",
				"buffer-fill": "^1.0.0"
			}
		},
		"node_modules/buffer-alloc-unsafe": {
			"version": "1.1.0",
			"license": "MIT"
		},
		"node_modules/buffer-fill": {
			"version": "1.0.0",
			"license": "MIT"
		},
		"node_modules/busboy": {
			"version": "1.6.0",
			"dependencies": {
				"streamsearch": "^1.1.0"
			},
			"engines": {
				"node": ">=10.16.0"
			}
		},
		"node_modules/chalk": {
			"version": "5.1.2",
			"resolved": "https://registry.npmjs.org/chalk/-/chalk-5.1.2.tgz",
			"integrity": "sha512-E5CkT4jWURs1Vy5qGJye+XwCkNj7Od3Af7CP6SujMetSMkLs8Do2RWJK5yx1wamHV/op8Rz+9rltjaTQWDnEFQ==",
			"engines": {
				"node": "^12.17.0 || ^14.13 || >=16.0.0"
			},
			"funding": {
				"url": "https://github.com/chalk/chalk?sponsor=1"
			}
		},
		"node_modules/chardet": {
			"version": "0.7.0",
			"resolved": "https://registry.npmjs.org/chardet/-/chardet-0.7.0.tgz",
			"integrity": "sha512-mT8iDcrh03qDGRRmoA2hmBJnxpllMR+0/0qlzjqZES6NdiWDcZkCNAk4rPFZ9Q85r27unkiNNg8ZOiwZXBHwcA=="
		},
		"node_modules/cli-cursor": {
			"version": "4.0.0",
			"resolved": "https://registry.npmjs.org/cli-cursor/-/cli-cursor-4.0.0.tgz",
			"integrity": "sha512-VGtlMu3x/4DOtIUwEkRezxUZ2lBacNJCHash0N0WeZDBS+7Ux1dm3XWAgWYxLJFMMdOeXMHXorshEFhbMSGelg==",
			"dependencies": {
				"restore-cursor": "^4.0.0"
			},
			"engines": {
				"node": "^12.20.0 || ^14.13.1 || >=16.0.0"
			},
			"funding": {
				"url": "https://github.com/sponsors/sindresorhus"
			}
		},
		"node_modules/cli-spinners": {
			"version": "2.7.0",
			"resolved": "https://registry.npmjs.org/cli-spinners/-/cli-spinners-2.7.0.tgz",
			"integrity": "sha512-qu3pN8Y3qHNgE2AFweciB1IfMnmZ/fsNTEE+NOFjmGB2F/7rLhnhzppvpCnN4FovtP26k8lHyy9ptEbNwWFLzw==",
			"engines": {
				"node": ">=6"
			},
			"funding": {
				"url": "https://github.com/sponsors/sindresorhus"
			}
		},
		"node_modules/cli-width": {
			"version": "4.0.0",
			"resolved": "https://registry.npmjs.org/cli-width/-/cli-width-4.0.0.tgz",
			"integrity": "sha512-ZksGS2xpa/bYkNzN3BAw1wEjsLV/ZKOf/CCrJ/QOBsxx6fOARIkwTutxp1XIOIohi6HKmOFjMoK/XaqDVUpEEw==",
			"engines": {
				"node": ">= 12"
			}
		},
		"node_modules/clone": {
			"version": "1.0.4",
			"resolved": "https://registry.npmjs.org/clone/-/clone-1.0.4.tgz",
			"integrity": "sha512-JQHZ2QMW6l3aH/j6xCqQThY/9OH4D/9ls34cgkUBiEeocRTU04tHfKPBsUK1PqZCUQM7GiA0IIXJSuXHI64Kbg==",
			"engines": {
				"node": ">=0.8"
			}
		},
		"node_modules/data-uri-to-buffer": {
			"version": "4.0.0",
			"license": "MIT",
			"engines": {
				"node": ">= 12"
			}
		},
		"node_modules/debug": {
			"version": "4.3.4",
			"license": "MIT",
			"dependencies": {
				"ms": "2.1.2"
			},
			"engines": {
				"node": ">=6.0"
			},
			"peerDependenciesMeta": {
				"supports-color": {
					"optional": true
				}
			}
		},
		"node_modules/defaults": {
			"version": "1.0.4",
			"resolved": "https://registry.npmjs.org/defaults/-/defaults-1.0.4.tgz",
			"integrity": "sha512-eFuaLoy/Rxalv2kr+lqMlUnrDWV+3j4pljOIJgLIhI058IQfWJ7vXhyEIHu+HtC738klGALYxOKDO0bQP3tg8A==",
			"dependencies": {
				"clone": "^1.0.2"
			},
			"funding": {
				"url": "https://github.com/sponsors/sindresorhus"
			}
		},
		"node_modules/discord-api-types": {
			"version": "0.37.16",
			"license": "MIT"
		},
		"node_modules/discord.js": {
			"version": "14.6.0",
			"license": "Apache-2.0",
			"dependencies": {
				"@discordjs/builders": "^1.3.0",
				"@discordjs/collection": "^1.2.0",
				"@discordjs/rest": "^1.3.0",
				"@discordjs/util": "^0.1.0",
				"@sapphire/snowflake": "^3.2.2",
				"@types/ws": "^8.5.3",
				"discord-api-types": "^0.37.12",
				"fast-deep-equal": "^3.1.3",
				"lodash.snakecase": "^4.1.1",
				"tslib": "^2.4.0",
				"undici": "^5.11.0",
				"ws": "^8.9.0"
			},
			"engines": {
				"node": ">=16.9.0"
			}
		},
		"node_modules/eastasianwidth": {
			"version": "0.2.0",
			"resolved": "https://registry.npmjs.org/eastasianwidth/-/eastasianwidth-0.2.0.tgz",
			"integrity": "sha512-I88TYZWc9XiYHRQ4/3c5rjjfgkjhLyW2luGIheGERbNQ6OY7yTybanSpDXZa8y7VUP9YmDcYa+eyq4ca7iLqWA=="
		},
		"node_modules/emoji-regex": {
			"version": "9.2.2",
			"resolved": "https://registry.npmjs.org/emoji-regex/-/emoji-regex-9.2.2.tgz",
			"integrity": "sha512-L18DaJsXSUk2+42pv8mLs5jJT2hqFkFE4j21wOmgbUqsZ2hL72NsUU785g9RXgo3s0ZNgVl42TiHp3ZtOv/Vyg=="
		},
		"node_modules/escape-string-regexp": {
			"version": "5.0.0",
			"resolved": "https://registry.npmjs.org/escape-string-regexp/-/escape-string-regexp-5.0.0.tgz",
			"integrity": "sha512-/veY75JbMK4j1yjvuUxuVsiS/hr/4iHs9FTT6cgTexxdE0Ly/glccBAkloH/DofkjRbZU3bnoj38mOmhkZ0lHw==",
			"engines": {
				"node": ">=12"
			},
			"funding": {
				"url": "https://github.com/sponsors/sindresorhus"
			}
		},
		"node_modules/event-target-shim": {
			"version": "5.0.1",
			"license": "MIT",
			"engines": {
				"node": ">=6"
			}
		},
		"node_modules/external-editor": {
			"version": "3.1.0",
			"resolved": "https://registry.npmjs.org/external-editor/-/external-editor-3.1.0.tgz",
			"integrity": "sha512-hMQ4CX1p1izmuLYyZqLMO/qGNw10wSv9QDCPfzXfyFrOaCSSoRfqE1Kf1s5an66J5JZC62NewG+mK49jOCtQew==",
			"dependencies": {
				"chardet": "^0.7.0",
				"iconv-lite": "^0.4.24",
				"tmp": "^0.0.33"
			},
			"engines": {
				"node": ">=4"
			}
		},
		"node_modules/fast-deep-equal": {
			"version": "3.1.3",
			"license": "MIT"
		},
		"node_modules/fetch-blob": {
			"version": "3.2.0",
			"funding": [
				{
					"type": "github",
					"url": "https://github.com/sponsors/jimmywarting"
				},
				{
					"type": "paypal",
					"url": "https://paypal.me/jimmywarting"
				}
			],
			"license": "MIT",
			"dependencies": {
				"node-domexception": "^1.0.0",
				"web-streams-polyfill": "^3.0.3"
			},
			"engines": {
				"node": "^12.20 || >= 14.13"
			}
		},
		"node_modules/fetch-blob/node_modules/web-streams-polyfill": {
			"version": "3.2.1",
			"license": "MIT",
			"engines": {
				"node": ">= 8"
			}
		},
		"node_modules/figures": {
			"version": "5.0.0",
			"resolved": "https://registry.npmjs.org/figures/-/figures-5.0.0.tgz",
			"integrity": "sha512-ej8ksPF4x6e5wvK9yevct0UCXh8TTFlWGVLlgjZuoBH1HwjIfKE/IdL5mq89sFA7zELi1VhKpmtDnrs7zWyeyg==",
			"dependencies": {
				"escape-string-regexp": "^5.0.0",
				"is-unicode-supported": "^1.2.0"
			},
			"engines": {
				"node": ">=14"
			},
			"funding": {
				"url": "https://github.com/sponsors/sindresorhus"
			}
		},
		"node_modules/file-type": {
			"version": "18.0.0",
			"license": "MIT",
			"dependencies": {
				"readable-web-to-node-stream": "^3.0.2",
				"strtok3": "^7.0.0",
				"token-types": "^5.0.1"
			},
			"engines": {
				"node": ">=14.16"
			},
			"funding": {
				"url": "https://github.com/sindresorhus/file-type?sponsor=1"
			}
		},
		"node_modules/form-data-encoder": {
			"version": "1.7.2",
			"license": "MIT"
		},
		"node_modules/formdata-node": {
			"version": "4.4.1",
			"license": "MIT",
			"dependencies": {
				"node-domexception": "1.0.0",
				"web-streams-polyfill": "4.0.0-beta.3"
			},
			"engines": {
				"node": ">= 12.20"
			}
		},
		"node_modules/formdata-polyfill": {
			"version": "4.0.10",
			"license": "MIT",
			"dependencies": {
				"fetch-blob": "^3.1.2"
			},
			"engines": {
				"node": ">=12.20.0"
			}
		},
		"node_modules/iconv-lite": {
			"version": "0.4.24",
			"resolved": "https://registry.npmjs.org/iconv-lite/-/iconv-lite-0.4.24.tgz",
			"integrity": "sha512-v3MXnZAcvnywkTUEZomIActle7RXXeedOR31wwl7VlyoXO4Qi9arvSenNQWne1TcRwhCL1HwLI21bEqdpj8/rA==",
			"dependencies": {
				"safer-buffer": ">= 2.1.2 < 3"
			},
			"engines": {
				"node": ">=0.10.0"
			}
		},
		"node_modules/ieee754": {
			"version": "1.2.1",
			"funding": [
				{
					"type": "github",
					"url": "https://github.com/sponsors/feross"
				},
				{
					"type": "patreon",
					"url": "https://www.patreon.com/feross"
				},
				{
					"type": "consulting",
					"url": "https://feross.org/support"
				}
			],
			"license": "BSD-3-Clause"
		},
		"node_modules/inherits": {
			"version": "2.0.4",
			"license": "ISC"
		},
		"node_modules/inquirer": {
			"version": "9.1.4",
			"resolved": "https://registry.npmjs.org/inquirer/-/inquirer-9.1.4.tgz",
			"integrity": "sha512-9hiJxE5gkK/cM2d1mTEnuurGTAoHebbkX0BYl3h7iEg7FYfuNIom+nDfBCSWtvSnoSrWCeBxqqBZu26xdlJlXA==",
			"dependencies": {
				"ansi-escapes": "^6.0.0",
				"chalk": "^5.1.2",
				"cli-cursor": "^4.0.0",
				"cli-width": "^4.0.0",
				"external-editor": "^3.0.3",
				"figures": "^5.0.0",
				"lodash": "^4.17.21",
				"mute-stream": "0.0.8",
				"ora": "^6.1.2",
				"run-async": "^2.4.0",
				"rxjs": "^7.5.7",
				"string-width": "^5.1.2",
				"strip-ansi": "^7.0.1",
				"through": "^2.3.6",
				"wrap-ansi": "^8.0.1"
			},
			"engines": {
				"node": ">=12.0.0"
			}
		},
		"node_modules/inspectable": {
			"version": "1.2.2",
			"license": "MIT",
			"engines": {
				"node": ">=12.0.0"
			},
			"peerDependencies": {
				"reflect-metadata": "^0.1.13"
			},
			"peerDependenciesMeta": {
				"reflect-metadata": {
					"optional": true
				}
			}
		},
		"node_modules/is-interactive": {
			"version": "2.0.0",
			"resolved": "https://registry.npmjs.org/is-interactive/-/is-interactive-2.0.0.tgz",
			"integrity": "sha512-qP1vozQRI+BMOPcjFzrjXuQvdak2pHNUMZoeG2eRbiSqyvbEf/wQtEOTOX1guk6E3t36RkaqiSt8A/6YElNxLQ==",
			"engines": {
				"node": ">=12"
			},
			"funding": {
				"url": "https://github.com/sponsors/sindresorhus"
			}
		},
		"node_modules/is-unicode-supported": {
			"version": "1.3.0",
			"resolved": "https://registry.npmjs.org/is-unicode-supported/-/is-unicode-supported-1.3.0.tgz",
			"integrity": "sha512-43r2mRvz+8JRIKnWJ+3j8JtjRKZ6GmjzfaE/qiBJnikNnYv/6bagRJ1kUhNk8R5EX/GkobD+r+sfxCPJsiKBLQ==",
			"engines": {
				"node": ">=12"
			},
			"funding": {
				"url": "https://github.com/sponsors/sindresorhus"
			}
		},
		"node_modules/lodash": {
			"version": "4.17.21",
			"resolved": "https://registry.npmjs.org/lodash/-/lodash-4.17.21.tgz",
			"integrity": "sha512-v2kDEe57lecTulaDIuNTPy3Ry4gLGJ6Z1O3vE1krgXZNrsQ+LFTGHVxVjcXPs17LhbZVGedAJv8XZ1tvj5FvSg=="
		},
		"node_modules/lodash.snakecase": {
			"version": "4.1.1",
			"license": "MIT"
		},
		"node_modules/lodash.uniqwith": {
			"version": "4.5.0",
			"license": "MIT"
		},
		"node_modules/log-symbols": {
			"version": "5.1.0",
			"resolved": "https://registry.npmjs.org/log-symbols/-/log-symbols-5.1.0.tgz",
			"integrity": "sha512-l0x2DvrW294C9uDCoQe1VSU4gf529FkSZ6leBl4TiqZH/e+0R7hSfHQBNut2mNygDgHwvYHfFLn6Oxb3VWj2rA==",
			"dependencies": {
				"chalk": "^5.0.0",
				"is-unicode-supported": "^1.1.0"
			},
			"engines": {
				"node": ">=12"
			},
			"funding": {
				"url": "https://github.com/sponsors/sindresorhus"
			}
		},
		"node_modules/middleware-io": {
			"version": "2.8.1",
			"license": "MIT",
			"engines": {
				"node": ">=12.0.0"
			}
		},
		"node_modules/mimic-fn": {
			"version": "2.1.0",
			"resolved": "https://registry.npmjs.org/mimic-fn/-/mimic-fn-2.1.0.tgz",
			"integrity": "sha512-OqbOk5oEQeAZ8WXWydlu9HJjz9WVdEIvamMCcXmuqUYjTknH/sqsWvhQ3vgwKFRR1HpjvNBKQ37nbJgYzGqGcg==",
			"engines": {
				"node": ">=6"
			}
		},
		"node_modules/mri": {
			"version": "1.2.0",
			"license": "MIT",
			"engines": {
				"node": ">=4"
			}
		},
		"node_modules/ms": {
			"version": "2.1.2",
			"license": "MIT"
		},
		"node_modules/mute-stream": {
			"version": "0.0.8",
			"resolved": "https://registry.npmjs.org/mute-stream/-/mute-stream-0.0.8.tgz",
			"integrity": "sha512-nnbWWOkoWyUsTjKrhgD0dcz22mdkSnpYqbEjIm2nhwhuxlSkpywJmBo8h0ZqJdkp73mb90SssHkN4rsRaBAfAA=="
		},
		"node_modules/node-domexception": {
			"version": "1.0.0",
			"funding": [
				{
					"type": "github",
					"url": "https://github.com/sponsors/jimmywarting"
				},
				{
					"type": "github",
					"url": "https://paypal.me/jimmywarting"
				}
			],
			"license": "MIT",
			"engines": {
				"node": ">=10.5.0"
			}
		},
		"node_modules/node-fetch": {
			"version": "2.6.7",
			"license": "MIT",
			"dependencies": {
				"whatwg-url": "^5.0.0"
			},
			"engines": {
				"node": "4.x || >=6.0.0"
			},
			"peerDependencies": {
				"encoding": "^0.1.0"
			},
			"peerDependenciesMeta": {
				"encoding": {
					"optional": true
				}
			}
		},
		"node_modules/onetime": {
			"version": "5.1.2",
			"resolved": "https://registry.npmjs.org/onetime/-/onetime-5.1.2.tgz",
			"integrity": "sha512-kbpaSSGJTWdAY5KPVeMOKXSrPtr8C8C7wodJbcsd51jRnmD+GZu8Y0VoU6Dm5Z4vWr0Ig/1NKuWRKf7j5aaYSg==",
			"dependencies": {
				"mimic-fn": "^2.1.0"
			},
			"engines": {
				"node": ">=6"
			},
			"funding": {
				"url": "https://github.com/sponsors/sindresorhus"
			}
		},
		"node_modules/ora": {
			"version": "6.1.2",
			"resolved": "https://registry.npmjs.org/ora/-/ora-6.1.2.tgz",
			"integrity": "sha512-EJQ3NiP5Xo94wJXIzAyOtSb0QEIAUu7m8t6UZ9krbz0vAJqr92JpcK/lEXg91q6B9pEGqrykkd2EQplnifDSBw==",
			"dependencies": {
				"bl": "^5.0.0",
				"chalk": "^5.0.0",
				"cli-cursor": "^4.0.0",
				"cli-spinners": "^2.6.1",
				"is-interactive": "^2.0.0",
				"is-unicode-supported": "^1.1.0",
				"log-symbols": "^5.1.0",
				"strip-ansi": "^7.0.1",
				"wcwidth": "^1.0.1"
			},
			"engines": {
				"node": "^12.20.0 || ^14.13.1 || >=16.0.0"
			},
			"funding": {
				"url": "https://github.com/sponsors/sindresorhus"
			}
		},
		"node_modules/os-tmpdir": {
			"version": "1.0.2",
			"resolved": "https://registry.npmjs.org/os-tmpdir/-/os-tmpdir-1.0.2.tgz",
			"integrity": "sha512-D2FR03Vir7FIu45XBY20mTb+/ZSWB00sjU9jdQXt83gDrI4Ztz5Fs7/yy74g2N5SVQY4xY1qDr4rNddwYRVX0g==",
			"engines": {
				"node": ">=0.10.0"
			}
		},
		"node_modules/p-timeout": {
			"version": "4.1.0",
			"license": "MIT",
			"engines": {
				"node": ">=10"
			}
		},
		"node_modules/peek-readable": {
			"version": "5.0.0",
			"license": "MIT",
			"engines": {
				"node": ">=14.16"
			},
			"funding": {
				"type": "github",
				"url": "https://github.com/sponsors/Borewit"
			}
		},
		"node_modules/readable-stream": {
			"version": "3.6.0",
			"license": "MIT",
			"dependencies": {
				"inherits": "^2.0.3",
				"string_decoder": "^1.1.1",
				"util-deprecate": "^1.0.1"
			},
			"engines": {
				"node": ">= 6"
			}
		},
		"node_modules/readable-web-to-node-stream": {
			"version": "3.0.2",
			"license": "MIT",
			"dependencies": {
				"readable-stream": "^3.6.0"
			},
			"engines": {
				"node": ">=8"
			},
			"funding": {
				"type": "github",
				"url": "https://github.com/sponsors/Borewit"
			}
		},
		"node_modules/reflect-metadata": {
			"version": "0.1.13",
			"resolved": "https://registry.npmjs.org/reflect-metadata/-/reflect-metadata-0.1.13.tgz",
			"integrity": "sha512-Ts1Y/anZELhSsjMcU605fU9RE4Oi3p5ORujwbIKXfWa+0Zxs510Qrmrce5/Jowq3cHSZSJqBjypxmHarc+vEWg==",
			"devOptional": true
		},
		"node_modules/restore-cursor": {
			"version": "4.0.0",
			"resolved": "https://registry.npmjs.org/restore-cursor/-/restore-cursor-4.0.0.tgz",
			"integrity": "sha512-I9fPXU9geO9bHOt9pHHOhOkYerIMsmVaWB0rA2AI9ERh/+x/i7MV5HKBNrg+ljO5eoPVgCcnFuRjJ9uH6I/3eg==",
			"dependencies": {
				"onetime": "^5.1.0",
				"signal-exit": "^3.0.2"
			},
			"engines": {
				"node": "^12.20.0 || ^14.13.1 || >=16.0.0"
			},
			"funding": {
				"url": "https://github.com/sponsors/sindresorhus"
			}
		},
		"node_modules/run-async": {
			"version": "2.4.1",
			"resolved": "https://registry.npmjs.org/run-async/-/run-async-2.4.1.tgz",
			"integrity": "sha512-tvVnVv01b8c1RrA6Ep7JkStj85Guv/YrMcwqYQnwjsAS2cTmmPGBBjAjpCW7RrSodNSoE2/qg9O4bceNvUuDgQ==",
			"engines": {
				"node": ">=0.12.0"
			}
		},
		"node_modules/rxjs": {
			"version": "7.5.7",
			"resolved": "https://registry.npmjs.org/rxjs/-/rxjs-7.5.7.tgz",
			"integrity": "sha512-z9MzKh/UcOqB3i20H6rtrlaE/CgjLOvheWK/9ILrbhROGTweAi1BaFsTT9FbwZi5Trr1qNRs+MXkhmR06awzQA==",
			"dependencies": {
				"tslib": "^2.1.0"
			}
		},
		"node_modules/safe-buffer": {
			"version": "5.2.1",
			"funding": [
				{
					"type": "github",
					"url": "https://github.com/sponsors/feross"
				},
				{
					"type": "patreon",
					"url": "https://www.patreon.com/feross"
				},
				{
					"type": "consulting",
					"url": "https://feross.org/support"
				}
			],
			"license": "MIT"
		},
		"node_modules/safe-compare": {
			"version": "1.1.4",
			"license": "MIT",
			"dependencies": {
				"buffer-alloc": "^1.2.0"
			}
		},
		"node_modules/safer-buffer": {
			"version": "2.1.2",
			"resolved": "https://registry.npmjs.org/safer-buffer/-/safer-buffer-2.1.2.tgz",
			"integrity": "sha512-YZo3K82SD7Riyi0E1EQPojLz7kpepnSQI9IyPbHHg1XXXevb5dJI7tpyN2ADxGcQbHG7vcyRHk0cbwqcQriUtg=="
		},
		"node_modules/sandwich-stream": {
			"version": "2.0.2",
			"license": "Apache-2.0",
			"engines": {
				"node": ">= 0.10"
			}
		},
		"node_modules/signal-exit": {
			"version": "3.0.7",
			"resolved": "https://registry.npmjs.org/signal-exit/-/signal-exit-3.0.7.tgz",
			"integrity": "sha512-wnD2ZE+l+SPC/uoS0vXeE9L1+0wuaMqKlfz9AMUo38JsyLSBWSFcHR1Rri62LZc12vLr1gb3jl7iwQhgwpAbGQ=="
		},
		"node_modules/streamsearch": {
			"version": "1.1.0",
			"engines": {
				"node": ">=10.0.0"
			}
		},
		"node_modules/string_decoder": {
			"version": "1.3.0",
			"license": "MIT",
			"dependencies": {
				"safe-buffer": "~5.2.0"
			}
		},
		"node_modules/string-width": {
			"version": "5.1.2",
			"resolved": "https://registry.npmjs.org/string-width/-/string-width-5.1.2.tgz",
			"integrity": "sha512-HnLOCR3vjcY8beoNLtcjZ5/nxn2afmME6lhrDrebokqMap+XbeW8n9TXpPDOqdGK5qcI3oT0GKTW6wC7EMiVqA==",
			"dependencies": {
				"eastasianwidth": "^0.2.0",
				"emoji-regex": "^9.2.2",
				"strip-ansi": "^7.0.1"
			},
			"engines": {
				"node": ">=12"
			},
			"funding": {
				"url": "https://github.com/sponsors/sindresorhus"
			}
		},
		"node_modules/strip-ansi": {
			"version": "7.0.1",
			"resolved": "https://registry.npmjs.org/strip-ansi/-/strip-ansi-7.0.1.tgz",
			"integrity": "sha512-cXNxvT8dFNRVfhVME3JAe98mkXDYN2O1l7jmcwMnOslDeESg1rF/OZMtK0nRAhiari1unG5cD4jG3rapUAkLbw==",
			"dependencies": {
				"ansi-regex": "^6.0.1"
			},
			"engines": {
				"node": ">=12"
			},
			"funding": {
				"url": "https://github.com/chalk/strip-ansi?sponsor=1"
			}
		},
		"node_modules/strtok3": {
			"version": "7.0.0",
			"license": "MIT",
			"dependencies": {
				"@tokenizer/token": "^0.3.0",
				"peek-readable": "^5.0.0"
			},
			"engines": {
				"node": ">=14.16"
			},
			"funding": {
				"type": "github",
				"url": "https://github.com/sponsors/Borewit"
			}
		},
		"node_modules/telegraf": {
			"version": "4.10.0",
			"license": "MIT",
			"dependencies": {
				"abort-controller": "^3.0.0",
				"debug": "^4.3.3",
				"mri": "^1.2.0",
				"node-fetch": "^2.6.7",
				"p-timeout": "^4.1.0",
				"safe-compare": "^1.1.4",
				"sandwich-stream": "^2.0.2",
				"typegram": "^3.11.0"
			},
			"bin": {
				"telegraf": "lib/cli.mjs"
			},
			"engines": {
				"node": "^12.20.0 || >=14.13.1"
			}
		},
		"node_modules/through": {
			"version": "2.3.8",
			"resolved": "https://registry.npmjs.org/through/-/through-2.3.8.tgz",
			"integrity": "sha512-w89qg7PI8wAdvX60bMDP+bFoD5Dvhm9oLheFp5O4a2QF0cSBGsBX4qZmadPMvVqlLJBBci+WqGGOAPvcDeNSVg=="
		},
		"node_modules/tmp": {
			"version": "0.0.33",
			"resolved": "https://registry.npmjs.org/tmp/-/tmp-0.0.33.tgz",
			"integrity": "sha512-jRCJlojKnZ3addtTOjdIqoRuPEKBvNXcGYqzO6zWZX8KfKEpnGY5jfggJQ3EjKuu8D4bJRr0y+cYJFmYbImXGw==",
			"dependencies": {
				"os-tmpdir": "~1.0.2"
			},
			"engines": {
				"node": ">=0.6.0"
			}
		},
		"node_modules/token-types": {
			"version": "5.0.1",
			"license": "MIT",
			"dependencies": {
				"@tokenizer/token": "^0.3.0",
				"ieee754": "^1.2.1"
			},
			"engines": {
				"node": ">=14.16"
			},
			"funding": {
				"type": "github",
				"url": "https://github.com/sponsors/Borewit"
			}
		},
		"node_modules/tr46": {
			"version": "0.0.3",
			"license": "MIT"
		},
		"node_modules/ts-mixer": {
			"version": "6.0.1",
			"license": "MIT"
		},
		"node_modules/tslib": {
			"version": "2.4.1",
			"license": "0BSD"
		},
		"node_modules/type-fest": {
			"version": "3.2.0",
			"resolved": "https://registry.npmjs.org/type-fest/-/type-fest-3.2.0.tgz",
			"integrity": "sha512-Il3wdLRzWvbAEtocgxGQA9YOoRVeVUGOMBtel5LdEpNeEAol6GJTLw8GbX6Z8EIMfvfhoOXs2bwOijtAZdK5og==",
			"engines": {
				"node": ">=14.16"
			},
			"funding": {
				"url": "https://github.com/sponsors/sindresorhus"
			}
		},
		"node_modules/typegram": {
			"version": "3.12.0",
			"license": "MIT"
		},
		"node_modules/typescript": {
			"version": "4.8.4",
			"dev": true,
			"license": "Apache-2.0",
			"bin": {
				"tsc": "bin/tsc",
				"tsserver": "bin/tsserver"
			},
			"engines": {
				"node": ">=4.2.0"
			}
		},
		"node_modules/undici": {
			"version": "5.12.0",
			"license": "MIT",
			"dependencies": {
				"busboy": "^1.6.0"
			},
			"engines": {
				"node": ">=12.18"
			}
		},
		"node_modules/util-deprecate": {
			"version": "1.0.2",
			"license": "MIT"
		},
		"node_modules/vk-io": {
			"version": "4.7.0",
			"license": "MIT",
			"dependencies": {
				"abort-controller": "^3.0.0",
				"debug": "^4.3.4",
				"form-data-encoder": "^1.7.2",
				"formdata-node": "^4.4.1",
				"inspectable": "^1.2.1",
				"middleware-io": "^2.8.0",
				"node-fetch": "^3.2.10"
			},
			"engines": {
				"node": ">=12.20.0"
			}
		},
		"node_modules/vk-io/node_modules/node-fetch": {
			"version": "3.2.10",
			"license": "MIT",
			"dependencies": {
				"data-uri-to-buffer": "^4.0.0",
				"fetch-blob": "^3.1.4",
				"formdata-polyfill": "^4.0.10"
			},
			"engines": {
				"node": "^12.20.0 || ^14.13.1 || >=16.0.0"
			},
			"funding": {
				"type": "opencollective",
				"url": "https://opencollective.com/node-fetch"
			}
		},
		"node_modules/wcwidth": {
			"version": "1.0.1",
			"resolved": "https://registry.npmjs.org/wcwidth/-/wcwidth-1.0.1.tgz",
			"integrity": "sha512-XHPEwS0q6TaxcvG85+8EYkbiCux2XtWG2mkc47Ng2A77BQu9+DqIOJldST4HgPkuea7dvKSj5VgX3P1d4rW8Tg==",
			"dependencies": {
				"defaults": "^1.0.3"
			}
		},
		"node_modules/web-streams-polyfill": {
			"version": "4.0.0-beta.3",
			"license": "MIT",
			"engines": {
				"node": ">= 14"
			}
		},
		"node_modules/webidl-conversions": {
			"version": "3.0.1",
			"license": "BSD-2-Clause"
		},
		"node_modules/whatwg-url": {
			"version": "5.0.0",
			"license": "MIT",
			"dependencies": {
				"tr46": "~0.0.3",
				"webidl-conversions": "^3.0.0"
			}
		},
		"node_modules/wrap-ansi": {
			"version": "8.0.1",
			"resolved": "https://registry.npmjs.org/wrap-ansi/-/wrap-ansi-8.0.1.tgz",
			"integrity": "sha512-QFF+ufAqhoYHvoHdajT/Po7KoXVBPXS2bgjIam5isfWJPfIOnQZ50JtUiVvCv/sjgacf3yRrt2ZKUZ/V4itN4g==",
			"dependencies": {
				"ansi-styles": "^6.1.0",
				"string-width": "^5.0.1",
				"strip-ansi": "^7.0.1"
			},
			"engines": {
				"node": ">=12"
			},
			"funding": {
				"url": "https://github.com/chalk/wrap-ansi?sponsor=1"
			}
		},
		"node_modules/ws": {
			"version": "8.10.0",
			"license": "MIT",
			"engines": {
				"node": ">=10.0.0"
			},
			"peerDependencies": {
				"bufferutil": "^4.0.1",
				"utf-8-validate": "^5.0.2"
			},
			"peerDependenciesMeta": {
				"bufferutil": {
					"optional": true
				},
				"utf-8-validate": {
					"optional": true
				}
			}
		},
		"packages/attachment-history": {
			"name": "@henta/attachment-history",
			"version": "0.1.0-dev"
		},
		"packages/botcmd": {
			"name": "@henta/botcmd",
			"version": "0.1.0"
		},
		"packages/core": {
			"name": "@henta/core",
			"version": "4.0.0-dev",
			"dependencies": {
				"middleware-io": "^2.8.0"
			}
		},
		"packages/init": {
			"name": "@henta/init",
			"license": "MIT",
			"dependencies": {
				"inquirer": "^9.1.4"
			}
		},
		"packages/input": {
			"name": "@henta/input",
			"version": "0.1.0",
			"devDependencies": {
				"reflect-metadata": "^0.1.13"
			}
		},
		"packages/platform-discord": {
			"name": "@henta/platform-discord",
			"version": "0.2.0",
			"dependencies": {
				"discord.js": "^14.4.0"
			}
		},
		"packages/platform-tg": {
			"name": "@henta/platform-tg",
			"version": "0.1.0",
			"dependencies": {
				"telegraf": "^4.9.0"
			}
		},
		"packages/platform-vk": {
			"name": "@henta/platform-vk",
			"version": "0.2.0",
			"dependencies": {
				"vk-io": "^4.7.0"
			}
		}
	},
	"dependencies": {
		"@discordjs/builders": {
			"version": "1.3.0",
			"requires": {
				"@discordjs/util": "^0.1.0",
				"@sapphire/shapeshift": "^3.7.0",
				"discord-api-types": "^0.37.12",
				"fast-deep-equal": "^3.1.3",
				"ts-mixer": "^6.0.1",
				"tslib": "^2.4.0"
			}
		},
		"@discordjs/collection": {
			"version": "1.2.0"
		},
		"@discordjs/rest": {
			"version": "1.3.0",
			"requires": {
				"@discordjs/collection": "^1.2.0",
				"@discordjs/util": "^0.1.0",
				"@sapphire/async-queue": "^1.5.0",
				"@sapphire/snowflake": "^3.2.2",
				"discord-api-types": "^0.37.12",
				"file-type": "^18.0.0",
				"tslib": "^2.4.0",
				"undici": "^5.11.0"
			}
		},
		"@discordjs/util": {
			"version": "0.1.0"
		},
		"@henta/attachment-history": {
			"version": "file:packages/attachment-history"
		},
		"@henta/botcmd": {
			"version": "file:packages/botcmd"
		},
		"@henta/core": {
			"version": "file:packages/core",
			"requires": {
				"middleware-io": "^2.8.0"
			}
		},
		"@henta/init": {
			"version": "file:packages/init",
			"requires": {
				"inquirer": "*"
			}
		},
		"@henta/input": {
			"version": "file:packages/input",
			"requires": {
				"reflect-metadata": "^0.1.13"
			}
		},
		"@henta/platform-discord": {
			"version": "file:packages/platform-discord",
			"requires": {
				"discord.js": "^14.4.0"
			}
		},
		"@henta/platform-tg": {
			"version": "file:packages/platform-tg",
			"requires": {
				"telegraf": "^4.9.0"
			}
		},
		"@henta/platform-vk": {
			"version": "file:packages/platform-vk",
			"requires": {
				"vk-io": "^4.7.0"
			}
		},
		"@sapphire/async-queue": {
			"version": "1.5.0"
		},
		"@sapphire/shapeshift": {
			"version": "3.7.0",
			"requires": {
				"fast-deep-equal": "^3.1.3",
				"lodash.uniqwith": "^4.5.0"
			}
		},
		"@sapphire/snowflake": {
			"version": "3.2.2"
		},
		"@tokenizer/token": {
			"version": "0.3.0"
		},
		"@types/node": {
			"version": "17.0.45",
			"dev": true
		},
		"@types/ws": {
			"version": "8.5.3",
			"requires": {
				"@types/node": "*"
			},
			"dependencies": {
				"@types/node": {
					"version": "18.11.9"
				}
			}
		},
		"abort-controller": {
			"version": "3.0.0",
			"requires": {
				"event-target-shim": "^5.0.0"
			}
		},
		"ansi-escapes": {
			"version": "6.0.0",
			"resolved": "https://registry.npmjs.org/ansi-escapes/-/ansi-escapes-6.0.0.tgz",
			"integrity": "sha512-IG23inYII3dWlU2EyiAiGj6Bwal5GzsgPMwjYGvc1HPE2dgbj4ZB5ToWBKSquKw74nB3TIuOwaI6/jSULzfgrw==",
			"requires": {
				"type-fest": "^3.0.0"
			}
		},
		"ansi-regex": {
			"version": "6.0.1",
			"resolved": "https://registry.npmjs.org/ansi-regex/-/ansi-regex-6.0.1.tgz",
			"integrity": "sha512-n5M855fKb2SsfMIiFFoVrABHJC8QtHwVx+mHWP3QcEqBHYienj5dHSgjbxtC0WEZXYt4wcD6zrQElDPhFuZgfA=="
		},
		"ansi-styles": {
			"version": "6.2.1",
			"resolved": "https://registry.npmjs.org/ansi-styles/-/ansi-styles-6.2.1.tgz",
			"integrity": "sha512-bN798gFfQX+viw3R7yrGWRqnrN2oRkEkUjjl4JNn4E8GxxbjtG3FbrEIIY3l8/hrwUwIeCZvi4QuOTP4MErVug=="
		},
		"base64-js": {
			"version": "1.5.1",
			"resolved": "https://registry.npmjs.org/base64-js/-/base64-js-1.5.1.tgz",
			"integrity": "sha512-AKpaYlHn8t4SVbOHCy+b5+KKgvR4vrsD8vbvrbiQJps7fKDTkjkDry6ji0rUJjC0kzbNePLwzxq8iypo41qeWA=="
		},
		"bl": {
			"version": "5.1.0",
			"resolved": "https://registry.npmjs.org/bl/-/bl-5.1.0.tgz",
			"integrity": "sha512-tv1ZJHLfTDnXE6tMHv73YgSJaWR2AFuPwMntBe7XL/GBFHnT0CLnsHMogfk5+GzCDC5ZWarSCYaIGATZt9dNsQ==",
			"requires": {
				"buffer": "^6.0.3",
				"inherits": "^2.0.4",
				"readable-stream": "^3.4.0"
			}
		},
		"buffer": {
			"version": "6.0.3",
			"resolved": "https://registry.npmjs.org/buffer/-/buffer-6.0.3.tgz",
			"integrity": "sha512-FTiCpNxtwiZZHEZbcbTIcZjERVICn9yq/pDFkTl95/AxzD1naBctN7YO68riM/gLSDY7sdrMby8hofADYuuqOA==",
			"requires": {
				"base64-js": "^1.3.1",
				"ieee754": "^1.2.1"
			}
		},
		"buffer-alloc": {
			"version": "1.2.0",
			"requires": {
				"buffer-alloc-unsafe": "^1.1.0",
				"buffer-fill": "^1.0.0"
			}
		},
		"buffer-alloc-unsafe": {
			"version": "1.1.0"
		},
		"buffer-fill": {
			"version": "1.0.0"
		},
		"busboy": {
			"version": "1.6.0",
			"requires": {
				"streamsearch": "^1.1.0"
			}
		},
		"chalk": {
			"version": "5.1.2",
			"resolved": "https://registry.npmjs.org/chalk/-/chalk-5.1.2.tgz",
			"integrity": "sha512-E5CkT4jWURs1Vy5qGJye+XwCkNj7Od3Af7CP6SujMetSMkLs8Do2RWJK5yx1wamHV/op8Rz+9rltjaTQWDnEFQ=="
		},
		"chardet": {
			"version": "0.7.0",
			"resolved": "https://registry.npmjs.org/chardet/-/chardet-0.7.0.tgz",
			"integrity": "sha512-mT8iDcrh03qDGRRmoA2hmBJnxpllMR+0/0qlzjqZES6NdiWDcZkCNAk4rPFZ9Q85r27unkiNNg8ZOiwZXBHwcA=="
		},
		"cli-cursor": {
			"version": "4.0.0",
			"resolved": "https://registry.npmjs.org/cli-cursor/-/cli-cursor-4.0.0.tgz",
			"integrity": "sha512-VGtlMu3x/4DOtIUwEkRezxUZ2lBacNJCHash0N0WeZDBS+7Ux1dm3XWAgWYxLJFMMdOeXMHXorshEFhbMSGelg==",
			"requires": {
				"restore-cursor": "^4.0.0"
			}
		},
		"cli-spinners": {
			"version": "2.7.0",
			"resolved": "https://registry.npmjs.org/cli-spinners/-/cli-spinners-2.7.0.tgz",
			"integrity": "sha512-qu3pN8Y3qHNgE2AFweciB1IfMnmZ/fsNTEE+NOFjmGB2F/7rLhnhzppvpCnN4FovtP26k8lHyy9ptEbNwWFLzw=="
		},
		"cli-width": {
			"version": "4.0.0",
			"resolved": "https://registry.npmjs.org/cli-width/-/cli-width-4.0.0.tgz",
			"integrity": "sha512-ZksGS2xpa/bYkNzN3BAw1wEjsLV/ZKOf/CCrJ/QOBsxx6fOARIkwTutxp1XIOIohi6HKmOFjMoK/XaqDVUpEEw=="
		},
		"clone": {
			"version": "1.0.4",
			"resolved": "https://registry.npmjs.org/clone/-/clone-1.0.4.tgz",
			"integrity": "sha512-JQHZ2QMW6l3aH/j6xCqQThY/9OH4D/9ls34cgkUBiEeocRTU04tHfKPBsUK1PqZCUQM7GiA0IIXJSuXHI64Kbg=="
		},
		"data-uri-to-buffer": {
			"version": "4.0.0"
		},
		"debug": {
			"version": "4.3.4",
			"requires": {
				"ms": "2.1.2"
			}
		},
		"defaults": {
			"version": "1.0.4",
			"resolved": "https://registry.npmjs.org/defaults/-/defaults-1.0.4.tgz",
			"integrity": "sha512-eFuaLoy/Rxalv2kr+lqMlUnrDWV+3j4pljOIJgLIhI058IQfWJ7vXhyEIHu+HtC738klGALYxOKDO0bQP3tg8A==",
			"requires": {
				"clone": "^1.0.2"
			}
		},
		"discord-api-types": {
			"version": "0.37.16"
		},
		"discord.js": {
			"version": "14.6.0",
			"requires": {
				"@discordjs/builders": "^1.3.0",
				"@discordjs/collection": "^1.2.0",
				"@discordjs/rest": "^1.3.0",
				"@discordjs/util": "^0.1.0",
				"@sapphire/snowflake": "^3.2.2",
				"@types/ws": "^8.5.3",
				"discord-api-types": "^0.37.12",
				"fast-deep-equal": "^3.1.3",
				"lodash.snakecase": "^4.1.1",
				"tslib": "^2.4.0",
				"undici": "^5.11.0",
				"ws": "^8.9.0"
			}
		},
		"eastasianwidth": {
			"version": "0.2.0",
			"resolved": "https://registry.npmjs.org/eastasianwidth/-/eastasianwidth-0.2.0.tgz",
			"integrity": "sha512-I88TYZWc9XiYHRQ4/3c5rjjfgkjhLyW2luGIheGERbNQ6OY7yTybanSpDXZa8y7VUP9YmDcYa+eyq4ca7iLqWA=="
		},
		"emoji-regex": {
			"version": "9.2.2",
			"resolved": "https://registry.npmjs.org/emoji-regex/-/emoji-regex-9.2.2.tgz",
			"integrity": "sha512-L18DaJsXSUk2+42pv8mLs5jJT2hqFkFE4j21wOmgbUqsZ2hL72NsUU785g9RXgo3s0ZNgVl42TiHp3ZtOv/Vyg=="
		},
		"escape-string-regexp": {
			"version": "5.0.0",
			"resolved": "https://registry.npmjs.org/escape-string-regexp/-/escape-string-regexp-5.0.0.tgz",
			"integrity": "sha512-/veY75JbMK4j1yjvuUxuVsiS/hr/4iHs9FTT6cgTexxdE0Ly/glccBAkloH/DofkjRbZU3bnoj38mOmhkZ0lHw=="
		},
		"event-target-shim": {
			"version": "5.0.1"
		},
		"external-editor": {
			"version": "3.1.0",
			"resolved": "https://registry.npmjs.org/external-editor/-/external-editor-3.1.0.tgz",
			"integrity": "sha512-hMQ4CX1p1izmuLYyZqLMO/qGNw10wSv9QDCPfzXfyFrOaCSSoRfqE1Kf1s5an66J5JZC62NewG+mK49jOCtQew==",
			"requires": {
				"chardet": "^0.7.0",
				"iconv-lite": "^0.4.24",
				"tmp": "^0.0.33"
			}
		},
		"fast-deep-equal": {
			"version": "3.1.3"
		},
		"fetch-blob": {
			"version": "3.2.0",
			"requires": {
				"node-domexception": "^1.0.0",
				"web-streams-polyfill": "^3.0.3"
			},
			"dependencies": {
				"web-streams-polyfill": {
					"version": "3.2.1"
				}
			}
		},
		"figures": {
			"version": "5.0.0",
			"resolved": "https://registry.npmjs.org/figures/-/figures-5.0.0.tgz",
			"integrity": "sha512-ej8ksPF4x6e5wvK9yevct0UCXh8TTFlWGVLlgjZuoBH1HwjIfKE/IdL5mq89sFA7zELi1VhKpmtDnrs7zWyeyg==",
			"requires": {
				"escape-string-regexp": "^5.0.0",
				"is-unicode-supported": "^1.2.0"
			}
		},
		"file-type": {
			"version": "18.0.0",
			"requires": {
				"readable-web-to-node-stream": "^3.0.2",
				"strtok3": "^7.0.0",
				"token-types": "^5.0.1"
			}
		},
		"form-data-encoder": {
			"version": "1.7.2"
		},
		"formdata-node": {
			"version": "4.4.1",
			"requires": {
				"node-domexception": "1.0.0",
				"web-streams-polyfill": "4.0.0-beta.3"
			}
		},
		"formdata-polyfill": {
			"version": "4.0.10",
			"requires": {
				"fetch-blob": "^3.1.2"
			}
		},
		"iconv-lite": {
			"version": "0.4.24",
			"resolved": "https://registry.npmjs.org/iconv-lite/-/iconv-lite-0.4.24.tgz",
			"integrity": "sha512-v3MXnZAcvnywkTUEZomIActle7RXXeedOR31wwl7VlyoXO4Qi9arvSenNQWne1TcRwhCL1HwLI21bEqdpj8/rA==",
			"requires": {
				"safer-buffer": ">= 2.1.2 < 3"
			}
		},
		"ieee754": {
			"version": "1.2.1"
		},
		"inherits": {
			"version": "2.0.4"
		},
		"inquirer": {
			"version": "9.1.4",
			"resolved": "https://registry.npmjs.org/inquirer/-/inquirer-9.1.4.tgz",
			"integrity": "sha512-9hiJxE5gkK/cM2d1mTEnuurGTAoHebbkX0BYl3h7iEg7FYfuNIom+nDfBCSWtvSnoSrWCeBxqqBZu26xdlJlXA==",
			"requires": {
				"ansi-escapes": "^6.0.0",
				"chalk": "^5.1.2",
				"cli-cursor": "^4.0.0",
				"cli-width": "^4.0.0",
				"external-editor": "^3.0.3",
				"figures": "^5.0.0",
				"lodash": "^4.17.21",
				"mute-stream": "0.0.8",
				"ora": "^6.1.2",
				"run-async": "^2.4.0",
				"rxjs": "^7.5.7",
				"string-width": "^5.1.2",
				"strip-ansi": "^7.0.1",
				"through": "^2.3.6",
				"wrap-ansi": "^8.0.1"
			}
		},
		"inspectable": {
			"version": "1.2.2",
			"requires": {}
		},
		"is-interactive": {
			"version": "2.0.0",
			"resolved": "https://registry.npmjs.org/is-interactive/-/is-interactive-2.0.0.tgz",
			"integrity": "sha512-qP1vozQRI+BMOPcjFzrjXuQvdak2pHNUMZoeG2eRbiSqyvbEf/wQtEOTOX1guk6E3t36RkaqiSt8A/6YElNxLQ=="
		},
		"is-unicode-supported": {
			"version": "1.3.0",
			"resolved": "https://registry.npmjs.org/is-unicode-supported/-/is-unicode-supported-1.3.0.tgz",
			"integrity": "sha512-43r2mRvz+8JRIKnWJ+3j8JtjRKZ6GmjzfaE/qiBJnikNnYv/6bagRJ1kUhNk8R5EX/GkobD+r+sfxCPJsiKBLQ=="
		},
		"lodash": {
			"version": "4.17.21",
			"resolved": "https://registry.npmjs.org/lodash/-/lodash-4.17.21.tgz",
			"integrity": "sha512-v2kDEe57lecTulaDIuNTPy3Ry4gLGJ6Z1O3vE1krgXZNrsQ+LFTGHVxVjcXPs17LhbZVGedAJv8XZ1tvj5FvSg=="
		},
		"lodash.snakecase": {
			"version": "4.1.1"
		},
		"lodash.uniqwith": {
			"version": "4.5.0"
		},
		"log-symbols": {
			"version": "5.1.0",
			"resolved": "https://registry.npmjs.org/log-symbols/-/log-symbols-5.1.0.tgz",
			"integrity": "sha512-l0x2DvrW294C9uDCoQe1VSU4gf529FkSZ6leBl4TiqZH/e+0R7hSfHQBNut2mNygDgHwvYHfFLn6Oxb3VWj2rA==",
			"requires": {
				"chalk": "^5.0.0",
				"is-unicode-supported": "^1.1.0"
			}
		},
		"middleware-io": {
			"version": "2.8.1"
		},
		"mimic-fn": {
			"version": "2.1.0",
			"resolved": "https://registry.npmjs.org/mimic-fn/-/mimic-fn-2.1.0.tgz",
			"integrity": "sha512-OqbOk5oEQeAZ8WXWydlu9HJjz9WVdEIvamMCcXmuqUYjTknH/sqsWvhQ3vgwKFRR1HpjvNBKQ37nbJgYzGqGcg=="
		},
		"mri": {
			"version": "1.2.0"
		},
		"ms": {
			"version": "2.1.2"
		},
		"mute-stream": {
			"version": "0.0.8",
			"resolved": "https://registry.npmjs.org/mute-stream/-/mute-stream-0.0.8.tgz",
			"integrity": "sha512-nnbWWOkoWyUsTjKrhgD0dcz22mdkSnpYqbEjIm2nhwhuxlSkpywJmBo8h0ZqJdkp73mb90SssHkN4rsRaBAfAA=="
		},
		"node-domexception": {
			"version": "1.0.0"
		},
		"node-fetch": {
			"version": "2.6.7",
			"requires": {
				"whatwg-url": "^5.0.0"
			}
		},
		"onetime": {
			"version": "5.1.2",
			"resolved": "https://registry.npmjs.org/onetime/-/onetime-5.1.2.tgz",
			"integrity": "sha512-kbpaSSGJTWdAY5KPVeMOKXSrPtr8C8C7wodJbcsd51jRnmD+GZu8Y0VoU6Dm5Z4vWr0Ig/1NKuWRKf7j5aaYSg==",
			"requires": {
				"mimic-fn": "^2.1.0"
			}
		},
		"ora": {
			"version": "6.1.2",
			"resolved": "https://registry.npmjs.org/ora/-/ora-6.1.2.tgz",
			"integrity": "sha512-EJQ3NiP5Xo94wJXIzAyOtSb0QEIAUu7m8t6UZ9krbz0vAJqr92JpcK/lEXg91q6B9pEGqrykkd2EQplnifDSBw==",
			"requires": {
				"bl": "^5.0.0",
				"chalk": "^5.0.0",
				"cli-cursor": "^4.0.0",
				"cli-spinners": "^2.6.1",
				"is-interactive": "^2.0.0",
				"is-unicode-supported": "^1.1.0",
				"log-symbols": "^5.1.0",
				"strip-ansi": "^7.0.1",
				"wcwidth": "^1.0.1"
			}
		},
		"os-tmpdir": {
			"version": "1.0.2",
			"resolved": "https://registry.npmjs.org/os-tmpdir/-/os-tmpdir-1.0.2.tgz",
			"integrity": "sha512-D2FR03Vir7FIu45XBY20mTb+/ZSWB00sjU9jdQXt83gDrI4Ztz5Fs7/yy74g2N5SVQY4xY1qDr4rNddwYRVX0g=="
		},
		"p-timeout": {
			"version": "4.1.0"
		},
		"peek-readable": {
			"version": "5.0.0"
		},
		"readable-stream": {
			"version": "3.6.0",
			"requires": {
				"inherits": "^2.0.3",
				"string_decoder": "^1.1.1",
				"util-deprecate": "^1.0.1"
			}
		},
		"readable-web-to-node-stream": {
			"version": "3.0.2",
			"requires": {
				"readable-stream": "^3.6.0"
			}
		},
		"reflect-metadata": {
			"version": "0.1.13",
			"resolved": "https://registry.npmjs.org/reflect-metadata/-/reflect-metadata-0.1.13.tgz",
			"integrity": "sha512-Ts1Y/anZELhSsjMcU605fU9RE4Oi3p5ORujwbIKXfWa+0Zxs510Qrmrce5/Jowq3cHSZSJqBjypxmHarc+vEWg==",
			"devOptional": true
		},
		"restore-cursor": {
			"version": "4.0.0",
			"resolved": "https://registry.npmjs.org/restore-cursor/-/restore-cursor-4.0.0.tgz",
			"integrity": "sha512-I9fPXU9geO9bHOt9pHHOhOkYerIMsmVaWB0rA2AI9ERh/+x/i7MV5HKBNrg+ljO5eoPVgCcnFuRjJ9uH6I/3eg==",
			"requires": {
				"onetime": "^5.1.0",
				"signal-exit": "^3.0.2"
			}
		},
		"run-async": {
			"version": "2.4.1",
			"resolved": "https://registry.npmjs.org/run-async/-/run-async-2.4.1.tgz",
			"integrity": "sha512-tvVnVv01b8c1RrA6Ep7JkStj85Guv/YrMcwqYQnwjsAS2cTmmPGBBjAjpCW7RrSodNSoE2/qg9O4bceNvUuDgQ=="
		},
		"rxjs": {
			"version": "7.5.7",
			"resolved": "https://registry.npmjs.org/rxjs/-/rxjs-7.5.7.tgz",
			"integrity": "sha512-z9MzKh/UcOqB3i20H6rtrlaE/CgjLOvheWK/9ILrbhROGTweAi1BaFsTT9FbwZi5Trr1qNRs+MXkhmR06awzQA==",
			"requires": {
				"tslib": "^2.1.0"
			}
		},
		"safe-buffer": {
			"version": "5.2.1"
		},
		"safe-compare": {
			"version": "1.1.4",
			"requires": {
				"buffer-alloc": "^1.2.0"
			}
		},
		"safer-buffer": {
			"version": "2.1.2",
			"resolved": "https://registry.npmjs.org/safer-buffer/-/safer-buffer-2.1.2.tgz",
			"integrity": "sha512-YZo3K82SD7Riyi0E1EQPojLz7kpepnSQI9IyPbHHg1XXXevb5dJI7tpyN2ADxGcQbHG7vcyRHk0cbwqcQriUtg=="
		},
		"sandwich-stream": {
			"version": "2.0.2"
		},
		"signal-exit": {
			"version": "3.0.7",
			"resolved": "https://registry.npmjs.org/signal-exit/-/signal-exit-3.0.7.tgz",
			"integrity": "sha512-wnD2ZE+l+SPC/uoS0vXeE9L1+0wuaMqKlfz9AMUo38JsyLSBWSFcHR1Rri62LZc12vLr1gb3jl7iwQhgwpAbGQ=="
		},
		"streamsearch": {
			"version": "1.1.0"
		},
		"string_decoder": {
			"version": "1.3.0",
			"requires": {
				"safe-buffer": "~5.2.0"
			}
		},
		"string-width": {
			"version": "5.1.2",
			"resolved": "https://registry.npmjs.org/string-width/-/string-width-5.1.2.tgz",
			"integrity": "sha512-HnLOCR3vjcY8beoNLtcjZ5/nxn2afmME6lhrDrebokqMap+XbeW8n9TXpPDOqdGK5qcI3oT0GKTW6wC7EMiVqA==",
			"requires": {
				"eastasianwidth": "^0.2.0",
				"emoji-regex": "^9.2.2",
				"strip-ansi": "^7.0.1"
			}
		},
		"strip-ansi": {
			"version": "7.0.1",
			"resolved": "https://registry.npmjs.org/strip-ansi/-/strip-ansi-7.0.1.tgz",
			"integrity": "sha512-cXNxvT8dFNRVfhVME3JAe98mkXDYN2O1l7jmcwMnOslDeESg1rF/OZMtK0nRAhiari1unG5cD4jG3rapUAkLbw==",
			"requires": {
				"ansi-regex": "^6.0.1"
			}
		},
		"strtok3": {
			"version": "7.0.0",
			"requires": {
				"@tokenizer/token": "^0.3.0",
				"peek-readable": "^5.0.0"
			}
		},
		"telegraf": {
			"version": "4.10.0",
			"requires": {
				"abort-controller": "^3.0.0",
				"debug": "^4.3.3",
				"mri": "^1.2.0",
				"node-fetch": "^2.6.7",
				"p-timeout": "^4.1.0",
				"safe-compare": "^1.1.4",
				"sandwich-stream": "^2.0.2",
				"typegram": "^3.11.0"
			}
		},
		"through": {
			"version": "2.3.8",
			"resolved": "https://registry.npmjs.org/through/-/through-2.3.8.tgz",
			"integrity": "sha512-w89qg7PI8wAdvX60bMDP+bFoD5Dvhm9oLheFp5O4a2QF0cSBGsBX4qZmadPMvVqlLJBBci+WqGGOAPvcDeNSVg=="
		},
		"tmp": {
			"version": "0.0.33",
			"resolved": "https://registry.npmjs.org/tmp/-/tmp-0.0.33.tgz",
			"integrity": "sha512-jRCJlojKnZ3addtTOjdIqoRuPEKBvNXcGYqzO6zWZX8KfKEpnGY5jfggJQ3EjKuu8D4bJRr0y+cYJFmYbImXGw==",
			"requires": {
				"os-tmpdir": "~1.0.2"
			}
		},
		"token-types": {
			"version": "5.0.1",
			"requires": {
				"@tokenizer/token": "^0.3.0",
				"ieee754": "^1.2.1"
			}
		},
		"tr46": {
			"version": "0.0.3"
		},
		"ts-mixer": {
			"version": "6.0.1"
		},
		"tslib": {
			"version": "2.4.1"
		},
		"type-fest": {
			"version": "3.2.0",
			"resolved": "https://registry.npmjs.org/type-fest/-/type-fest-3.2.0.tgz",
			"integrity": "sha512-Il3wdLRzWvbAEtocgxGQA9YOoRVeVUGOMBtel5LdEpNeEAol6GJTLw8GbX6Z8EIMfvfhoOXs2bwOijtAZdK5og=="
		},
		"typegram": {
			"version": "3.12.0"
		},
		"typescript": {
			"version": "4.8.4",
			"dev": true
		},
		"undici": {
			"version": "5.12.0",
			"requires": {
				"busboy": "^1.6.0"
			}
		},
		"util-deprecate": {
			"version": "1.0.2"
		},
		"vk-io": {
			"version": "4.7.0",
			"requires": {
				"abort-controller": "^3.0.0",
				"debug": "^4.3.4",
				"form-data-encoder": "^1.7.2",
				"formdata-node": "^4.4.1",
				"inspectable": "^1.2.1",
				"middleware-io": "^2.8.0",
				"node-fetch": "^3.2.10"
			},
			"dependencies": {
				"node-fetch": {
					"version": "3.2.10",
					"requires": {
						"data-uri-to-buffer": "^4.0.0",
						"fetch-blob": "^3.1.4",
						"formdata-polyfill": "^4.0.10"
					}
				}
			}
		},
		"wcwidth": {
			"version": "1.0.1",
			"resolved": "https://registry.npmjs.org/wcwidth/-/wcwidth-1.0.1.tgz",
			"integrity": "sha512-XHPEwS0q6TaxcvG85+8EYkbiCux2XtWG2mkc47Ng2A77BQu9+DqIOJldST4HgPkuea7dvKSj5VgX3P1d4rW8Tg==",
			"requires": {
				"defaults": "^1.0.3"
			}
		},
		"web-streams-polyfill": {
			"version": "4.0.0-beta.3"
		},
		"webidl-conversions": {
			"version": "3.0.1"
		},
		"whatwg-url": {
			"version": "5.0.0",
			"requires": {
				"tr46": "~0.0.3",
				"webidl-conversions": "^3.0.0"
			}
		},
		"wrap-ansi": {
			"version": "8.0.1",
			"resolved": "https://registry.npmjs.org/wrap-ansi/-/wrap-ansi-8.0.1.tgz",
			"integrity": "sha512-QFF+ufAqhoYHvoHdajT/Po7KoXVBPXS2bgjIam5isfWJPfIOnQZ50JtUiVvCv/sjgacf3yRrt2ZKUZ/V4itN4g==",
			"requires": {
				"ansi-styles": "^6.1.0",
				"string-width": "^5.0.1",
				"strip-ansi": "^7.0.1"
			}
		},
		"ws": {
			"version": "8.10.0",
			"requires": {}
		}
	}
}
