{
	"name": "henta-monorepo",
	"lockfileVersion": 2,
	"requires": true,
	"packages": {
		"": {
			"name": "henta-monorepo",
			"workspaces": [
				"packages/*"
			],
			"devDependencies": {
				"@types/node": "^17.0.36",
				"typescript": "^4.7.2"
			},
			"engines": {
				"node": ">=12.20.0"
			}
		},
		"node_modules/@discordjs/builders": {
			"version": "1.3.0",
			"license": "Apache-2.0",
			"dependencies": {
				"@discordjs/util": "^0.1.0",
				"@sapphire/shapeshift": "^3.7.0",
				"discord-api-types": "^0.37.12",
				"fast-deep-equal": "^3.1.3",
				"ts-mixer": "^6.0.1",
				"tslib": "^2.4.0"
			},
			"engines": {
				"node": ">=16.9.0"
			}
		},
		"node_modules/@discordjs/collection": {
			"version": "1.2.0",
			"license": "Apache-2.0",
			"engines": {
				"node": ">=16.9.0"
			}
		},
		"node_modules/@discordjs/rest": {
			"version": "1.3.0",
			"license": "Apache-2.0",
			"dependencies": {
				"@discordjs/collection": "^1.2.0",
				"@discordjs/util": "^0.1.0",
				"@sapphire/async-queue": "^1.5.0",
				"@sapphire/snowflake": "^3.2.2",
				"discord-api-types": "^0.37.12",
				"file-type": "^18.0.0",
				"tslib": "^2.4.0",
				"undici": "^5.11.0"
			},
			"engines": {
				"node": ">=16.9.0"
			}
		},
		"node_modules/@discordjs/util": {
			"version": "0.1.0",
			"license": "Apache-2.0",
			"engines": {
				"node": ">=16.9.0"
			}
		},
		"node_modules/@henta/attachment-history": {
			"resolved": "packages/attachment-history",
			"link": true
		},
		"node_modules/@henta/botcmd": {
			"resolved": "packages/botcmd",
			"link": true
		},
		"node_modules/@henta/core": {
			"resolved": "packages/core",
			"link": true
		},
		"node_modules/@henta/init": {
			"resolved": "packages/init",
			"link": true
		},
		"node_modules/@henta/input": {
			"resolved": "packages/input",
			"link": true
		},
		"node_modules/@henta/platform-discord": {
			"resolved": "packages/platform-discord",
			"link": true
		},
		"node_modules/@henta/platform-tg": {
			"resolved": "packages/platform-tg",
			"link": true
		},
		"node_modules/@henta/platform-vk": {
			"resolved": "packages/platform-vk",
			"link": true
		},
		"node_modules/@sapphire/async-queue": {
			"version": "1.5.0",
			"license": "MIT",
			"engines": {
				"node": ">=v14.0.0",
				"npm": ">=7.0.0"
			}
		},
		"node_modules/@sapphire/shapeshift": {
			"version": "3.7.0",
			"license": "MIT",
			"dependencies": {
				"fast-deep-equal": "^3.1.3",
				"lodash.uniqwith": "^4.5.0"
			},
			"engines": {
				"node": ">=v14.0.0",
				"npm": ">=7.0.0"
			}
		},
		"node_modules/@sapphire/snowflake": {
			"version": "3.2.2",
			"license": "MIT",
			"engines": {
				"node": ">=v14.0.0",
				"npm": ">=7.0.0"
			}
		},
		"node_modules/@tokenizer/token": {
			"version": "0.3.0",
			"license": "MIT"
		},
		"node_modules/@types/node": {
			"version": "17.0.45",
			"dev": true,
			"license": "MIT"
		},
		"node_modules/@types/ws": {
			"version": "8.5.3",
			"license": "MIT",
			"dependencies": {
				"@types/node": "*"
			}
		},
		"node_modules/@types/ws/node_modules/@types/node": {
			"version": "18.11.9",
			"license": "MIT"
		},
		"node_modules/abort-controller": {
			"version": "3.0.0",
			"license": "MIT",
			"dependencies": {
				"event-target-shim": "^5.0.0"
			},
			"engines": {
				"node": ">=6.5"
			}
		},
		"node_modules/buffer-alloc": {
			"version": "1.2.0",
			"license": "MIT",
			"dependencies": {
				"buffer-alloc-unsafe": "^1.1.0",
				"buffer-fill": "^1.0.0"
			}
		},
		"node_modules/buffer-alloc-unsafe": {
			"version": "1.1.0",
			"license": "MIT"
		},
		"node_modules/buffer-fill": {
			"version": "1.0.0",
			"license": "MIT"
		},
		"node_modules/busboy": {
			"version": "1.6.0",
			"dependencies": {
				"streamsearch": "^1.1.0"
			},
			"engines": {
				"node": ">=10.16.0"
			}
		},
		"node_modules/data-uri-to-buffer": {
			"version": "4.0.0",
			"license": "MIT",
			"engines": {
				"node": ">= 12"
			}
		},
		"node_modules/debug": {
			"version": "4.3.4",
			"license": "MIT",
			"dependencies": {
				"ms": "2.1.2"
			},
			"engines": {
				"node": ">=6.0"
			},
			"peerDependenciesMeta": {
				"supports-color": {
					"optional": true
				}
			}
		},
		"node_modules/discord-api-types": {
			"version": "0.37.16",
			"license": "MIT"
		},
		"node_modules/discord.js": {
			"version": "14.6.0",
			"license": "Apache-2.0",
			"dependencies": {
				"@discordjs/builders": "^1.3.0",
				"@discordjs/collection": "^1.2.0",
				"@discordjs/rest": "^1.3.0",
				"@discordjs/util": "^0.1.0",
				"@sapphire/snowflake": "^3.2.2",
				"@types/ws": "^8.5.3",
				"discord-api-types": "^0.37.12",
				"fast-deep-equal": "^3.1.3",
				"lodash.snakecase": "^4.1.1",
				"tslib": "^2.4.0",
				"undici": "^5.11.0",
				"ws": "^8.9.0"
			},
			"engines": {
				"node": ">=16.9.0"
			}
		},
		"node_modules/event-target-shim": {
			"version": "5.0.1",
			"license": "MIT",
			"engines": {
				"node": ">=6"
			}
		},
		"node_modules/fast-deep-equal": {
			"version": "3.1.3",
			"license": "MIT"
		},
		"node_modules/fetch-blob": {
			"version": "3.2.0",
			"funding": [
				{
					"type": "github",
					"url": "https://github.com/sponsors/jimmywarting"
				},
				{
					"type": "paypal",
					"url": "https://paypal.me/jimmywarting"
				}
			],
			"license": "MIT",
			"dependencies": {
				"node-domexception": "^1.0.0",
				"web-streams-polyfill": "^3.0.3"
			},
			"engines": {
				"node": "^12.20 || >= 14.13"
			}
		},
		"node_modules/fetch-blob/node_modules/web-streams-polyfill": {
			"version": "3.2.1",
			"license": "MIT",
			"engines": {
				"node": ">= 8"
			}
		},
		"node_modules/file-type": {
			"version": "18.0.0",
			"license": "MIT",
			"dependencies": {
				"readable-web-to-node-stream": "^3.0.2",
				"strtok3": "^7.0.0",
				"token-types": "^5.0.1"
			},
			"engines": {
				"node": ">=14.16"
			},
			"funding": {
				"url": "https://github.com/sindresorhus/file-type?sponsor=1"
			}
		},
		"node_modules/form-data-encoder": {
			"version": "1.7.2",
			"license": "MIT"
		},
		"node_modules/formdata-node": {
			"version": "4.4.1",
			"license": "MIT",
			"dependencies": {
				"node-domexception": "1.0.0",
				"web-streams-polyfill": "4.0.0-beta.3"
			},
			"engines": {
				"node": ">= 12.20"
			}
		},
		"node_modules/formdata-polyfill": {
			"version": "4.0.10",
			"license": "MIT",
			"dependencies": {
				"fetch-blob": "^3.1.2"
			},
			"engines": {
				"node": ">=12.20.0"
			}
		},
		"node_modules/ieee754": {
			"version": "1.2.1",
			"funding": [
				{
					"type": "github",
					"url": "https://github.com/sponsors/feross"
				},
				{
					"type": "patreon",
					"url": "https://www.patreon.com/feross"
				},
				{
					"type": "consulting",
					"url": "https://feross.org/support"
				}
			],
			"license": "BSD-3-Clause"
		},
		"node_modules/inherits": {
			"version": "2.0.4",
			"license": "ISC"
		},
		"node_modules/inspectable": {
			"version": "1.2.2",
			"license": "MIT",
			"engines": {
				"node": ">=12.0.0"
			},
			"peerDependencies": {
				"reflect-metadata": "^0.1.13"
			},
			"peerDependenciesMeta": {
				"reflect-metadata": {
					"optional": true
				}
			}
		},
		"node_modules/lodash.snakecase": {
			"version": "4.1.1",
			"license": "MIT"
		},
		"node_modules/lodash.uniqwith": {
			"version": "4.5.0",
			"license": "MIT"
		},
		"node_modules/middleware-io": {
			"version": "2.8.1",
			"license": "MIT",
			"engines": {
				"node": ">=12.0.0"
			}
		},
		"node_modules/mri": {
			"version": "1.2.0",
			"license": "MIT",
			"engines": {
				"node": ">=4"
			}
		},
		"node_modules/ms": {
			"version": "2.1.2",
			"license": "MIT"
		},
		"node_modules/node-domexception": {
			"version": "1.0.0",
			"funding": [
				{
					"type": "github",
					"url": "https://github.com/sponsors/jimmywarting"
				},
				{
					"type": "github",
					"url": "https://paypal.me/jimmywarting"
				}
			],
			"license": "MIT",
			"engines": {
				"node": ">=10.5.0"
			}
		},
		"node_modules/node-fetch": {
			"version": "2.6.7",
			"license": "MIT",
			"dependencies": {
				"whatwg-url": "^5.0.0"
			},
			"engines": {
				"node": "4.x || >=6.0.0"
			},
			"peerDependencies": {
				"encoding": "^0.1.0"
			},
			"peerDependenciesMeta": {
				"encoding": {
					"optional": true
				}
			}
		},
		"node_modules/p-timeout": {
			"version": "4.1.0",
			"license": "MIT",
			"engines": {
				"node": ">=10"
			}
		},
		"node_modules/peek-readable": {
			"version": "5.0.0",
			"license": "MIT",
			"engines": {
				"node": ">=14.16"
			},
			"funding": {
				"type": "github",
				"url": "https://github.com/sponsors/Borewit"
			}
		},
		"node_modules/readable-stream": {
			"version": "3.6.0",
			"license": "MIT",
			"dependencies": {
				"inherits": "^2.0.3",
				"string_decoder": "^1.1.1",
				"util-deprecate": "^1.0.1"
			},
			"engines": {
				"node": ">= 6"
			}
		},
		"node_modules/readable-web-to-node-stream": {
			"version": "3.0.2",
			"license": "MIT",
			"dependencies": {
				"readable-stream": "^3.6.0"
			},
			"engines": {
				"node": ">=8"
			},
			"funding": {
				"type": "github",
				"url": "https://github.com/sponsors/Borewit"
			}
		},
		"node_modules/reflect-metadata": {
			"version": "0.1.13",
			"resolved": "https://registry.npmjs.org/reflect-metadata/-/reflect-metadata-0.1.13.tgz",
			"integrity": "sha512-Ts1Y/anZELhSsjMcU605fU9RE4Oi3p5ORujwbIKXfWa+0Zxs510Qrmrce5/Jowq3cHSZSJqBjypxmHarc+vEWg==",
			"devOptional": true
		},
		"node_modules/safe-buffer": {
			"version": "5.2.1",
			"funding": [
				{
					"type": "github",
					"url": "https://github.com/sponsors/feross"
				},
				{
					"type": "patreon",
					"url": "https://www.patreon.com/feross"
				},
				{
					"type": "consulting",
					"url": "https://feross.org/support"
				}
			],
			"license": "MIT"
		},
		"node_modules/safe-compare": {
			"version": "1.1.4",
			"license": "MIT",
			"dependencies": {
				"buffer-alloc": "^1.2.0"
			}
		},
		"node_modules/sandwich-stream": {
			"version": "2.0.2",
			"license": "Apache-2.0",
			"engines": {
				"node": ">= 0.10"
			}
		},
		"node_modules/streamsearch": {
			"version": "1.1.0",
			"engines": {
				"node": ">=10.0.0"
			}
		},
		"node_modules/string_decoder": {
			"version": "1.3.0",
			"license": "MIT",
			"dependencies": {
				"safe-buffer": "~5.2.0"
			}
		},
		"node_modules/strtok3": {
			"version": "7.0.0",
			"license": "MIT",
			"dependencies": {
				"@tokenizer/token": "^0.3.0",
				"peek-readable": "^5.0.0"
			},
			"engines": {
				"node": ">=14.16"
			},
			"funding": {
				"type": "github",
				"url": "https://github.com/sponsors/Borewit"
			}
		},
		"node_modules/telegraf": {
			"version": "4.10.0",
			"license": "MIT",
			"dependencies": {
				"abort-controller": "^3.0.0",
				"debug": "^4.3.3",
				"mri": "^1.2.0",
				"node-fetch": "^2.6.7",
				"p-timeout": "^4.1.0",
				"safe-compare": "^1.1.4",
				"sandwich-stream": "^2.0.2",
				"typegram": "^3.11.0"
			},
			"bin": {
				"telegraf": "lib/cli.mjs"
			},
			"engines": {
				"node": "^12.20.0 || >=14.13.1"
			}
		},
		"node_modules/token-types": {
			"version": "5.0.1",
			"license": "MIT",
			"dependencies": {
				"@tokenizer/token": "^0.3.0",
				"ieee754": "^1.2.1"
			},
			"engines": {
				"node": ">=14.16"
			},
			"funding": {
				"type": "github",
				"url": "https://github.com/sponsors/Borewit"
			}
		},
		"node_modules/tr46": {
			"version": "0.0.3",
			"license": "MIT"
		},
		"node_modules/ts-mixer": {
			"version": "6.0.1",
			"license": "MIT"
		},
		"node_modules/tslib": {
			"version": "2.4.1",
			"license": "0BSD"
		},
		"node_modules/typegram": {
			"version": "3.12.0",
			"license": "MIT"
		},
		"node_modules/typescript": {
			"version": "4.8.4",
			"dev": true,
			"license": "Apache-2.0",
			"bin": {
				"tsc": "bin/tsc",
				"tsserver": "bin/tsserver"
			},
			"engines": {
				"node": ">=4.2.0"
			}
		},
		"node_modules/undici": {
			"version": "5.12.0",
			"license": "MIT",
			"dependencies": {
				"busboy": "^1.6.0"
			},
			"engines": {
				"node": ">=12.18"
			}
		},
		"node_modules/util-deprecate": {
			"version": "1.0.2",
			"license": "MIT"
		},
		"node_modules/vk-io": {
			"version": "4.7.0",
			"license": "MIT",
			"dependencies": {
				"abort-controller": "^3.0.0",
				"debug": "^4.3.4",
				"form-data-encoder": "^1.7.2",
				"formdata-node": "^4.4.1",
				"inspectable": "^1.2.1",
				"middleware-io": "^2.8.0",
				"node-fetch": "^3.2.10"
			},
			"engines": {
				"node": ">=12.20.0"
			}
		},
		"node_modules/vk-io/node_modules/node-fetch": {
			"version": "3.2.10",
			"license": "MIT",
			"dependencies": {
				"data-uri-to-buffer": "^4.0.0",
				"fetch-blob": "^3.1.4",
				"formdata-polyfill": "^4.0.10"
			},
			"engines": {
				"node": "^12.20.0 || ^14.13.1 || >=16.0.0"
			},
			"funding": {
				"type": "opencollective",
				"url": "https://opencollective.com/node-fetch"
			}
		},
		"node_modules/web-streams-polyfill": {
			"version": "4.0.0-beta.3",
			"license": "MIT",
			"engines": {
				"node": ">= 14"
			}
		},
		"node_modules/webidl-conversions": {
			"version": "3.0.1",
			"license": "BSD-2-Clause"
		},
		"node_modules/whatwg-url": {
			"version": "5.0.0",
			"license": "MIT",
			"dependencies": {
				"tr46": "~0.0.3",
				"webidl-conversions": "^3.0.0"
			}
		},
		"node_modules/ws": {
			"version": "8.10.0",
			"license": "MIT",
			"engines": {
				"node": ">=10.0.0"
			},
			"peerDependencies": {
				"bufferutil": "^4.0.1",
				"utf-8-validate": "^5.0.2"
			},
			"peerDependenciesMeta": {
				"bufferutil": {
					"optional": true
				},
				"utf-8-validate": {
					"optional": true
				}
			}
		},
		"packages/attachment-history": {
			"name": "@henta/attachment-history",
			"version": "0.1.0-dev"
		},
		"packages/botcmd": {
			"name": "@henta/botcmd",
			"version": "0.1.0"
		},
		"packages/core": {
			"name": "@henta/core",
			"version": "4.0.0-dev",
			"dependencies": {
				"middleware-io": "^2.8.0"
			}
		},
		"packages/init": {
			"name": "@henta/init",
			"license": "MIT"
		},
		"packages/input": {
			"name": "@henta/input",
			"version": "0.1.0",
			"devDependencies": {
				"reflect-metadata": "^0.1.13"
			}
		},
		"packages/platform-discord": {
			"name": "@henta/platform-discord",
			"version": "0.2.0",
			"dependencies": {
				"discord.js": "^14.4.0"
			}
		},
		"packages/platform-tg": {
			"name": "@henta/platform-tg",
			"version": "0.1.0",
			"dependencies": {
				"telegraf": "^4.9.0"
			}
		},
		"packages/platform-vk": {
			"name": "@henta/platform-vk",
			"version": "0.2.0",
			"dependencies": {
				"vk-io": "^4.7.0"
			}
		}
	},
	"dependencies": {
		"@discordjs/builders": {
			"version": "1.3.0",
			"requires": {
				"@discordjs/util": "^0.1.0",
				"@sapphire/shapeshift": "^3.7.0",
				"discord-api-types": "^0.37.12",
				"fast-deep-equal": "^3.1.3",
				"ts-mixer": "^6.0.1",
				"tslib": "^2.4.0"
			}
		},
		"@discordjs/collection": {
			"version": "1.2.0"
		},
		"@discordjs/rest": {
			"version": "1.3.0",
			"requires": {
				"@discordjs/collection": "^1.2.0",
				"@discordjs/util": "^0.1.0",
				"@sapphire/async-queue": "^1.5.0",
				"@sapphire/snowflake": "^3.2.2",
				"discord-api-types": "^0.37.12",
				"file-type": "^18.0.0",
				"tslib": "^2.4.0",
				"undici": "^5.11.0"
			}
		},
		"@discordjs/util": {
			"version": "0.1.0"
		},
		"@henta/attachment-history": {
			"version": "file:packages/attachment-history"
		},
		"@henta/botcmd": {
			"version": "file:packages/botcmd"
		},
		"@henta/core": {
			"version": "file:packages/core",
			"requires": {
				"middleware-io": "^2.8.0"
			}
		},
		"@henta/init": {
			"version": "file:packages/init"
		},
		"@henta/input": {
			"version": "file:packages/input",
			"requires": {
				"reflect-metadata": "*"
			}
		},
		"@henta/platform-discord": {
			"version": "file:packages/platform-discord",
			"requires": {
				"discord.js": "^14.4.0"
			}
		},
		"@henta/platform-tg": {
			"version": "file:packages/platform-tg",
			"requires": {
				"telegraf": "^4.9.0"
			}
		},
		"@henta/platform-vk": {
			"version": "file:packages/platform-vk",
			"requires": {
				"vk-io": "^4.7.0"
			}
		},
		"@sapphire/async-queue": {
			"version": "1.5.0"
		},
		"@sapphire/shapeshift": {
			"version": "3.7.0",
			"requires": {
				"fast-deep-equal": "^3.1.3",
				"lodash.uniqwith": "^4.5.0"
			}
		},
		"@sapphire/snowflake": {
			"version": "3.2.2"
		},
		"@tokenizer/token": {
			"version": "0.3.0"
		},
		"@types/node": {
			"version": "17.0.45",
			"dev": true
		},
		"@types/ws": {
			"version": "8.5.3",
			"requires": {
				"@types/node": "*"
			},
			"dependencies": {
				"@types/node": {
					"version": "18.11.9"
				}
			}
		},
		"abort-controller": {
			"version": "3.0.0",
			"requires": {
				"event-target-shim": "^5.0.0"
			}
		},
		"buffer-alloc": {
			"version": "1.2.0",
			"requires": {
				"buffer-alloc-unsafe": "^1.1.0",
				"buffer-fill": "^1.0.0"
			}
		},
		"buffer-alloc-unsafe": {
			"version": "1.1.0"
		},
		"buffer-fill": {
			"version": "1.0.0"
		},
		"busboy": {
			"version": "1.6.0",
			"requires": {
				"streamsearch": "^1.1.0"
			}
		},
		"data-uri-to-buffer": {
			"version": "4.0.0"
		},
		"debug": {
			"version": "4.3.4",
			"requires": {
				"ms": "2.1.2"
			}
		},
		"discord-api-types": {
			"version": "0.37.16"
		},
		"discord.js": {
			"version": "14.6.0",
			"requires": {
				"@discordjs/builders": "^1.3.0",
				"@discordjs/collection": "^1.2.0",
				"@discordjs/rest": "^1.3.0",
				"@discordjs/util": "^0.1.0",
				"@sapphire/snowflake": "^3.2.2",
				"@types/ws": "^8.5.3",
				"discord-api-types": "^0.37.12",
				"fast-deep-equal": "^3.1.3",
				"lodash.snakecase": "^4.1.1",
				"tslib": "^2.4.0",
				"undici": "^5.11.0",
				"ws": "^8.9.0"
			}
		},
		"event-target-shim": {
			"version": "5.0.1"
		},
		"fast-deep-equal": {
			"version": "3.1.3"
		},
		"fetch-blob": {
			"version": "3.2.0",
			"requires": {
				"node-domexception": "^1.0.0",
				"web-streams-polyfill": "^3.0.3"
			},
			"dependencies": {
				"web-streams-polyfill": {
					"version": "3.2.1"
				}
			}
		},
		"file-type": {
			"version": "18.0.0",
			"requires": {
				"readable-web-to-node-stream": "^3.0.2",
				"strtok3": "^7.0.0",
				"token-types": "^5.0.1"
			}
		},
		"form-data-encoder": {
			"version": "1.7.2"
		},
		"formdata-node": {
			"version": "4.4.1",
			"requires": {
				"node-domexception": "1.0.0",
				"web-streams-polyfill": "4.0.0-beta.3"
			}
		},
		"formdata-polyfill": {
			"version": "4.0.10",
			"requires": {
				"fetch-blob": "^3.1.2"
			}
		},
		"ieee754": {
			"version": "1.2.1"
		},
		"inherits": {
			"version": "2.0.4"
		},
		"inspectable": {
			"version": "1.2.2",
			"requires": {}
		},
		"lodash.snakecase": {
			"version": "4.1.1"
		},
		"lodash.uniqwith": {
			"version": "4.5.0"
		},
		"middleware-io": {
			"version": "2.8.1"
		},
		"mri": {
			"version": "1.2.0"
		},
		"ms": {
			"version": "2.1.2"
		},
		"node-domexception": {
			"version": "1.0.0"
		},
		"node-fetch": {
			"version": "2.6.7",
			"requires": {
				"whatwg-url": "^5.0.0"
			}
		},
		"p-timeout": {
			"version": "4.1.0"
		},
		"peek-readable": {
			"version": "5.0.0"
		},
		"readable-stream": {
			"version": "3.6.0",
			"requires": {
				"inherits": "^2.0.3",
				"string_decoder": "^1.1.1",
				"util-deprecate": "^1.0.1"
			}
		},
		"readable-web-to-node-stream": {
			"version": "3.0.2",
			"requires": {
				"readable-stream": "^3.6.0"
			}
		},
		"reflect-metadata": {
			"version": "0.1.13",
			"resolved": "https://registry.npmjs.org/reflect-metadata/-/reflect-metadata-0.1.13.tgz",
			"integrity": "sha512-Ts1Y/anZELhSsjMcU605fU9RE4Oi3p5ORujwbIKXfWa+0Zxs510Qrmrce5/Jowq3cHSZSJqBjypxmHarc+vEWg==",
			"devOptional": true
		},
		"safe-buffer": {
			"version": "5.2.1"
		},
		"safe-compare": {
			"version": "1.1.4",
			"requires": {
				"buffer-alloc": "^1.2.0"
			}
		},
		"sandwich-stream": {
			"version": "2.0.2"
		},
		"streamsearch": {
			"version": "1.1.0"
		},
		"string_decoder": {
			"version": "1.3.0",
			"requires": {
				"safe-buffer": "~5.2.0"
			}
		},
		"strtok3": {
			"version": "7.0.0",
			"requires": {
				"@tokenizer/token": "^0.3.0",
				"peek-readable": "^5.0.0"
			}
		},
		"telegraf": {
			"version": "4.10.0",
			"requires": {
				"abort-controller": "^3.0.0",
				"debug": "^4.3.3",
				"mri": "^1.2.0",
				"node-fetch": "^2.6.7",
				"p-timeout": "^4.1.0",
				"safe-compare": "^1.1.4",
				"sandwich-stream": "^2.0.2",
				"typegram": "^3.11.0"
			}
		},
		"token-types": {
			"version": "5.0.1",
			"requires": {
				"@tokenizer/token": "^0.3.0",
				"ieee754": "^1.2.1"
			}
		},
		"tr46": {
			"version": "0.0.3"
		},
		"ts-mixer": {
			"version": "6.0.1"
		},
		"tslib": {
			"version": "2.4.1"
		},
		"typegram": {
			"version": "3.12.0"
		},
		"typescript": {
			"version": "4.8.4",
			"dev": true
		},
		"undici": {
			"version": "5.12.0",
			"requires": {
				"busboy": "^1.6.0"
			}
		},
		"util-deprecate": {
			"version": "1.0.2"
		},
		"vk-io": {
			"version": "4.7.0",
			"requires": {
				"abort-controller": "^3.0.0",
				"debug": "^4.3.4",
				"form-data-encoder": "^1.7.2",
				"formdata-node": "^4.4.1",
				"inspectable": "^1.2.1",
				"middleware-io": "^2.8.0",
				"node-fetch": "^3.2.10"
			},
			"dependencies": {
				"node-fetch": {
					"version": "3.2.10",
					"requires": {
						"data-uri-to-buffer": "^4.0.0",
						"fetch-blob": "^3.1.4",
						"formdata-polyfill": "^4.0.10"
					}
				}
			}
		},
		"web-streams-polyfill": {
			"version": "4.0.0-beta.3"
		},
		"webidl-conversions": {
			"version": "3.0.1"
		},
		"whatwg-url": {
			"version": "5.0.0",
			"requires": {
				"tr46": "~0.0.3",
				"webidl-conversions": "^3.0.0"
			}
		},
		"ws": {
			"version": "8.10.0",
			"requires": {}
		}
	}
}
